// !$*UTF8*$!
{
	archiveVersion = 1;
	classes = {
	};
	objectVersion = 56;
	objects = {

/* Begin PBXBuildFile section */
		76264D4129F5BA0B0003A414 /* AppDelegate.swift in Sources */ = {isa = PBXBuildFile; fileRef = 76264D4029F5BA0B0003A414 /* AppDelegate.swift */; };
		76264D4329F5BA0B0003A414 /* SceneDelegate.swift in Sources */ = {isa = PBXBuildFile; fileRef = 76264D4229F5BA0B0003A414 /* SceneDelegate.swift */; };
		76264D4529F5BA0B0003A414 /* ViewController.swift in Sources */ = {isa = PBXBuildFile; fileRef = 76264D4429F5BA0B0003A414 /* ViewController.swift */; };
		76264D4829F5BA0B0003A414 /* Main.storyboard in Resources */ = {isa = PBXBuildFile; fileRef = 76264D4629F5BA0B0003A414 /* Main.storyboard */; };
		76264D4A29F5BA0D0003A414 /* Assets.xcassets in Resources */ = {isa = PBXBuildFile; fileRef = 76264D4929F5BA0D0003A414 /* Assets.xcassets */; };
		76264D4D29F5BA0D0003A414 /* LaunchScreen.storyboard in Resources */ = {isa = PBXBuildFile; fileRef = 76264D4B29F5BA0D0003A414 /* LaunchScreen.storyboard */; };
		76264D5829F5BA0E0003A414 /* Magic_8_Ball___SM7Tests.swift in Sources */ = {isa = PBXBuildFile; fileRef = 76264D5729F5BA0E0003A414 /* Magic_8_Ball___SM7Tests.swift */; };
		76264D6229F5BA0E0003A414 /* Magic_8_Ball___SM7UITests.swift in Sources */ = {isa = PBXBuildFile; fileRef = 76264D6129F5BA0E0003A414 /* Magic_8_Ball___SM7UITests.swift */; };
		76264D6429F5BA0E0003A414 /* Magic_8_Ball___SM7UITestsLaunchTests.swift in Sources */ = {isa = PBXBuildFile; fileRef = 76264D6329F5BA0E0003A414 /* Magic_8_Ball___SM7UITestsLaunchTests.swift */; };
/* End PBXBuildFile section */

/* Begin PBXContainerItemProxy section */
		76264D5429F5BA0E0003A414 /* PBXContainerItemProxy */ = {
			isa = PBXContainerItemProxy;
			containerPortal = 76264D3529F5BA0B0003A414 /* Project object */;
			proxyType = 1;
			remoteGlobalIDString = 76264D3C29F5BA0B0003A414;
			remoteInfo = "Magic 8 Ball - SM7";
		};
		76264D5E29F5BA0E0003A414 /* PBXContainerItemProxy */ = {
			isa = PBXContainerItemProxy;
			containerPortal = 76264D3529F5BA0B0003A414 /* Project object */;
			proxyType = 1;
			remoteGlobalIDString = 76264D3C29F5BA0B0003A414;
			remoteInfo = "Magic 8 Ball - SM7";
		};
/* End PBXContainerItemProxy section */

/* Begin PBXFileReference section */
		76264D3D29F5BA0B0003A414 /* Magic 8 Ball - SM7.app */ = {isa = PBXFileReference; explicitFileType = wrapper.application; includeInIndex = 0; path = "Magic 8 Ball - SM7.app"; sourceTree = BUILT_PRODUCTS_DIR; };
		76264D4029F5BA0B0003A414 /* AppDelegate.swift */ = {isa = PBXFileReference; lastKnownFileType = sourcecode.swift; path = AppDelegate.swift; sourceTree = "<group>"; };
		76264D4229F5BA0B0003A414 /* SceneDelegate.swift */ = {isa = PBXFileReference; lastKnownFileType = sourcecode.swift; path = SceneDelegate.swift; sourceTree = "<group>"; };
		76264D4429F5BA0B0003A414 /* ViewController.swift */ = {isa = PBXFileReference; lastKnownFileType = sourcecode.swift; path = ViewController.swift; sourceTree = "<group>"; };
		76264D4729F5BA0B0003A414 /* Base */ = {isa = PBXFileReference; lastKnownFileType = file.storyboard; name = Base; path = Base.lproj/Main.storyboard; sourceTree = "<group>"; };
		76264D4929F5BA0D0003A414 /* Assets.xcassets */ = {isa = PBXFileReference; lastKnownFileType = folder.assetcatalog; path = Assets.xcassets; sourceTree = "<group>"; };
		76264D4C29F5BA0D0003A414 /* Base */ = {isa = PBXFileReference; lastKnownFileType = file.storyboard; name = Base; path = Base.lproj/LaunchScreen.storyboard; sourceTree = "<group>"; };
		76264D4E29F5BA0D0003A414 /* Info.plist */ = {isa = PBXFileReference; lastKnownFileType = text.plist.xml; path = Info.plist; sourceTree = "<group>"; };
		76264D5329F5BA0E0003A414 /* Magic 8 Ball - SM7Tests.xctest */ = {isa = PBXFileReference; explicitFileType = wrapper.cfbundle; includeInIndex = 0; path = "Magic 8 Ball - SM7Tests.xctest"; sourceTree = BUILT_PRODUCTS_DIR; };
		76264D5729F5BA0E0003A414 /* Magic_8_Ball___SM7Tests.swift */ = {isa = PBXFileReference; lastKnownFileType = sourcecode.swift; path = "Magic_8_Ball___SM7Tests.swift"; sourceTree = "<group>"; };
		76264D5D29F5BA0E0003A414 /* Magic 8 Ball - SM7UITests.xctest */ = {isa = PBXFileReference; explicitFileType = wrapper.cfbundle; includeInIndex = 0; path = "Magic 8 Ball - SM7UITests.xctest"; sourceTree = BUILT_PRODUCTS_DIR; };
		76264D6129F5BA0E0003A414 /* Magic_8_Ball___SM7UITests.swift */ = {isa = PBXFileReference; lastKnownFileType = sourcecode.swift; path = "Magic_8_Ball___SM7UITests.swift"; sourceTree = "<group>"; };
		76264D6329F5BA0E0003A414 /* Magic_8_Ball___SM7UITestsLaunchTests.swift */ = {isa = PBXFileReference; lastKnownFileType = sourcecode.swift; path = "Magic_8_Ball___SM7UITestsLaunchTests.swift"; sourceTree = "<group>"; };
/* End PBXFileReference section */

/* Begin PBXFrameworksBuildPhase section */
		76264D3A29F5BA0B0003A414 /* Frameworks */ = {
			isa = PBXFrameworksBuildPhase;
			buildActionMask = 2147483647;
			files = (
			);
			runOnlyForDeploymentPostprocessing = 0;
		};
		76264D5029F5BA0E0003A414 /* Frameworks */ = {
			isa = PBXFrameworksBuildPhase;
			buildActionMask = 2147483647;
			files = (
			);
			runOnlyForDeploymentPostprocessing = 0;
		};
		76264D5A29F5BA0E0003A414 /* Frameworks */ = {
			isa = PBXFrameworksBuildPhase;
			buildActionMask = 2147483647;
			files = (
			);
			runOnlyForDeploymentPostprocessing = 0;
		};
/* End PBXFrameworksBuildPhase section */

/* Begin PBXGroup section */
		76264D3429F5BA0B0003A414 = {
			isa = PBXGroup;
			children = (
				76264D3F29F5BA0B0003A414 /* Magic 8 Ball - SM7 */,
				76264D5629F5BA0E0003A414 /* Magic 8 Ball - SM7Tests */,
				76264D6029F5BA0E0003A414 /* Magic 8 Ball - SM7UITests */,
				76264D3E29F5BA0B0003A414 /* Products */,
			);
			sourceTree = "<group>";
		};
		76264D3E29F5BA0B0003A414 /* Products */ = {
			isa = PBXGroup;
			children = (
				76264D3D29F5BA0B0003A414 /* Magic 8 Ball - SM7.app */,
				76264D5329F5BA0E0003A414 /* Magic 8 Ball - SM7Tests.xctest */,
				76264D5D29F5BA0E0003A414 /* Magic 8 Ball - SM7UITests.xctest */,
			);
			name = Products;
			sourceTree = "<group>";
		};
		76264D3F29F5BA0B0003A414 /* Magic 8 Ball - SM7 */ = {
			isa = PBXGroup;
			children = (
				76264D4029F5BA0B0003A414 /* AppDelegate.swift */,
				76264D4229F5BA0B0003A414 /* SceneDelegate.swift */,
				76264D4429F5BA0B0003A414 /* ViewController.swift */,
				76264D4629F5BA0B0003A414 /* Main.storyboard */,
				76264D4929F5BA0D0003A414 /* Assets.xcassets */,
				76264D4B29F5BA0D0003A414 /* LaunchScreen.storyboard */,
				76264D4E29F5BA0D0003A414 /* Info.plist */,
			);
			path = "Magic 8 Ball - SM7";
			sourceTree = "<group>";
		};
		76264D5629F5BA0E0003A414 /* Magic 8 Ball - SM7Tests */ = {
			isa = PBXGroup;
			children = (
				76264D5729F5BA0E0003A414 /* Magic_8_Ball___SM7Tests.swift */,
			);
			path = "Magic 8 Ball - SM7Tests";
			sourceTree = "<group>";
		};
		76264D6029F5BA0E0003A414 /* Magic 8 Ball - SM7UITests */ = {
			isa = PBXGroup;
			children = (
				76264D6129F5BA0E0003A414 /* Magic_8_Ball___SM7UITests.swift */,
				76264D6329F5BA0E0003A414 /* Magic_8_Ball___SM7UITestsLaunchTests.swift */,
			);
			path = "Magic 8 Ball - SM7UITests";
			sourceTree = "<group>";
		};
/* End PBXGroup section */

/* Begin PBXNativeTarget section */
		76264D3C29F5BA0B0003A414 /* Magic 8 Ball - SM7 */ = {
			isa = PBXNativeTarget;
			buildConfigurationList = 76264D6729F5BA0E0003A414 /* Build configuration list for PBXNativeTarget "Magic 8 Ball - SM7" */;
			buildPhases = (
				76264D3929F5BA0B0003A414 /* Sources */,
				76264D3A29F5BA0B0003A414 /* Frameworks */,
				76264D3B29F5BA0B0003A414 /* Resources */,
			);
			buildRules = (
			);
			dependencies = (
			);
			name = "Magic 8 Ball - SM7";
			productName = "Magic 8 Ball - SM7";
			productReference = 76264D3D29F5BA0B0003A414 /* Magic 8 Ball - SM7.app */;
			productType = "com.apple.product-type.application";
		};
		76264D5229F5BA0E0003A414 /* Magic 8 Ball - SM7Tests */ = {
			isa = PBXNativeTarget;
			buildConfigurationList = 76264D6A29F5BA0E0003A414 /* Build configuration list for PBXNativeTarget "Magic 8 Ball - SM7Tests" */;
			buildPhases = (
				76264D4F29F5BA0E0003A414 /* Sources */,
				76264D5029F5BA0E0003A414 /* Frameworks */,
				76264D5129F5BA0E0003A414 /* Resources */,
			);
			buildRules = (
			);
			dependencies = (
				76264D5529F5BA0E0003A414 /* PBXTargetDependency */,
			);
			name = "Magic 8 Ball - SM7Tests";
			productName = "Magic 8 Ball - SM7Tests";
			productReference = 76264D5329F5BA0E0003A414 /* Magic 8 Ball - SM7Tests.xctest */;
			productType = "com.apple.product-type.bundle.unit-test";
		};
		76264D5C29F5BA0E0003A414 /* Magic 8 Ball - SM7UITests */ = {
			isa = PBXNativeTarget;
			buildConfigurationList = 76264D6D29F5BA0E0003A414 /* Build configuration list for PBXNativeTarget "Magic 8 Ball - SM7UITests" */;
			buildPhases = (
				76264D5929F5BA0E0003A414 /* Sources */,
				76264D5A29F5BA0E0003A414 /* Frameworks */,
				76264D5B29F5BA0E0003A414 /* Resources */,
			);
			buildRules = (
			);
			dependencies = (
				76264D5F29F5BA0E0003A414 /* PBXTargetDependency */,
			);
			name = "Magic 8 Ball - SM7UITests";
			productName = "Magic 8 Ball - SM7UITests";
			productReference = 76264D5D29F5BA0E0003A414 /* Magic 8 Ball - SM7UITests.xctest */;
			productType = "com.apple.product-type.bundle.ui-testing";
		};
/* End PBXNativeTarget section */

/* Begin PBXProject section */
		76264D3529F5BA0B0003A414 /* Project object */ = {
			isa = PBXProject;
			attributes = {
				BuildIndependentTargetsInParallel = 1;
				LastSwiftUpdateCheck = 1420;
				LastUpgradeCheck = 1420;
				TargetAttributes = {
					76264D3C29F5BA0B0003A414 = {
						CreatedOnToolsVersion = 14.2;
					};
					76264D5229F5BA0E0003A414 = {
						CreatedOnToolsVersion = 14.2;
						TestTargetID = 76264D3C29F5BA0B0003A414;
					};
					76264D5C29F5BA0E0003A414 = {
						CreatedOnToolsVersion = 14.2;
						TestTargetID = 76264D3C29F5BA0B0003A414;
					};
				};
			};
			buildConfigurationList = 76264D3829F5BA0B0003A414 /* Build configuration list for PBXProject "Magic 8 Ball - SM7" */;
			compatibilityVersion = "Xcode 14.0";
			developmentRegion = en;
			hasScannedForEncodings = 0;
			knownRegions = (
				en,
				Base,
			);
			mainGroup = 76264D3429F5BA0B0003A414;
			productRefGroup = 76264D3E29F5BA0B0003A414 /* Products */;
			projectDirPath = "";
			projectRoot = "";
			targets = (
				76264D3C29F5BA0B0003A414 /* Magic 8 Ball - SM7 */,
				76264D5229F5BA0E0003A414 /* Magic 8 Ball - SM7Tests */,
				76264D5C29F5BA0E0003A414 /* Magic 8 Ball - SM7UITests */,
			);
		};
/* End PBXProject section */

/* Begin PBXResourcesBuildPhase section */
		76264D3B29F5BA0B0003A414 /* Resources */ = {
			isa = PBXResourcesBuildPhase;
			buildActionMask = 2147483647;
			files = (
				76264D4D29F5BA0D0003A414 /* LaunchScreen.storyboard in Resources */,
				76264D4A29F5BA0D0003A414 /* Assets.xcassets in Resources */,
				76264D4829F5BA0B0003A414 /* Main.storyboard in Resources */,
			);
			runOnlyForDeploymentPostprocessing = 0;
		};
		76264D5129F5BA0E0003A414 /* Resources */ = {
			isa = PBXResourcesBuildPhase;
			buildActionMask = 2147483647;
			files = (
			);
			runOnlyForDeploymentPostprocessing = 0;
		};
		76264D5B29F5BA0E0003A414 /* Resources */ = {
			isa = PBXResourcesBuildPhase;
			buildActionMask = 2147483647;
			files = (
			);
			runOnlyForDeploymentPostprocessing = 0;
		};
/* End PBXResourcesBuildPhase section */

/* Begin PBXSourcesBuildPhase section */
		76264D3929F5BA0B0003A414 /* Sources */ = {
			isa = PBXSourcesBuildPhase;
			buildActionMask = 2147483647;
			files = (
				76264D4529F5BA0B0003A414 /* ViewController.swift in Sources */,
				76264D4129F5BA0B0003A414 /* AppDelegate.swift in Sources */,
				76264D4329F5BA0B0003A414 /* SceneDelegate.swift in Sources */,
			);
			runOnlyForDeploymentPostprocessing = 0;
		};
		76264D4F29F5BA0E0003A414 /* Sources */ = {
			isa = PBXSourcesBuildPhase;
			buildActionMask = 2147483647;
			files = (
				76264D5829F5BA0E0003A414 /* Magic_8_Ball___SM7Tests.swift in Sources */,
			);
			runOnlyForDeploymentPostprocessing = 0;
		};
		76264D5929F5BA0E0003A414 /* Sources */ = {
			isa = PBXSourcesBuildPhase;
			buildActionMask = 2147483647;
			files = (
				76264D6429F5BA0E0003A414 /* Magic_8_Ball___SM7UITestsLaunchTests.swift in Sources */,
				76264D6229F5BA0E0003A414 /* Magic_8_Ball___SM7UITests.swift in Sources */,
			);
			runOnlyForDeploymentPostprocessing = 0;
		};
/* End PBXSourcesBuildPhase section */

/* Begin PBXTargetDependency section */
		76264D5529F5BA0E0003A414 /* PBXTargetDependency */ = {
			isa = PBXTargetDependency;
			target = 76264D3C29F5BA0B0003A414 /* Magic 8 Ball - SM7 */;
			targetProxy = 76264D5429F5BA0E0003A414 /* PBXContainerItemProxy */;
		};
		76264D5F29F5BA0E0003A414 /* PBXTargetDependency */ = {
			isa = PBXTargetDependency;
			target = 76264D3C29F5BA0B0003A414 /* Magic 8 Ball - SM7 */;
			targetProxy = 76264D5E29F5BA0E0003A414 /* PBXContainerItemProxy */;
		};
/* End PBXTargetDependency section */

/* Begin PBXVariantGroup section */
		76264D4629F5BA0B0003A414 /* Main.storyboard */ = {
			isa = PBXVariantGroup;
			children = (
				76264D4729F5BA0B0003A414 /* Base */,
			);
			name = Main.storyboard;
			sourceTree = "<group>";
		};
		76264D4B29F5BA0D0003A414 /* LaunchScreen.storyboard */ = {
			isa = PBXVariantGroup;
			children = (
				76264D4C29F5BA0D0003A414 /* Base */,
			);
			name = LaunchScreen.storyboard;
			sourceTree = "<group>";
		};
/* End PBXVariantGroup section */

/* Begin XCBuildConfiguration section */
		76264D6529F5BA0E0003A414 /* Debug */ = {
			isa = XCBuildConfiguration;
			buildSettings = {
				ALWAYS_SEARCH_USER_PATHS = NO;
				CLANG_ANALYZER_NONNULL = YES;
				CLANG_ANALYZER_NUMBER_OBJECT_CONVERSION = YES_AGGRESSIVE;
				CLANG_CXX_LANGUAGE_STANDARD = "gnu++20";
				CLANG_ENABLE_MODULES = YES;
				CLANG_ENABLE_OBJC_ARC = YES;
				CLANG_ENABLE_OBJC_WEAK = YES;
				CLANG_WARN_BLOCK_CAPTURE_AUTORELEASING = YES;
				CLANG_WARN_BOOL_CONVERSION = YES;
				CLANG_WARN_COMMA = YES;
				CLANG_WARN_CONSTANT_CONVERSION = YES;
				CLANG_WARN_DEPRECATED_OBJC_IMPLEMENTATIONS = YES;
				CLANG_WARN_DIRECT_OBJC_ISA_USAGE = YES_ERROR;
				CLANG_WARN_DOCUMENTATION_COMMENTS = YES;
				CLANG_WARN_EMPTY_BODY = YES;
				CLANG_WARN_ENUM_CONVERSION = YES;
				CLANG_WARN_INFINITE_RECURSION = YES;
				CLANG_WARN_INT_CONVERSION = YES;
				CLANG_WARN_NON_LITERAL_NULL_CONVERSION = YES;
				CLANG_WARN_OBJC_IMPLICIT_RETAIN_SELF = YES;
				CLANG_WARN_OBJC_LITERAL_CONVERSION = YES;
				CLANG_WARN_OBJC_ROOT_CLASS = YES_ERROR;
				CLANG_WARN_QUOTED_INCLUDE_IN_FRAMEWORK_HEADER = YES;
				CLANG_WARN_RANGE_LOOP_ANALYSIS = YES;
				CLANG_WARN_STRICT_PROTOTYPES = YES;
				CLANG_WARN_SUSPICIOUS_MOVE = YES;
				CLANG_WARN_UNGUARDED_AVAILABILITY = YES_AGGRESSIVE;
				CLANG_WARN_UNREACHABLE_CODE = YES;
				CLANG_WARN__DUPLICATE_METHOD_MATCH = YES;
				COPY_PHASE_STRIP = NO;
				DEBUG_INFORMATION_FORMAT = dwarf;
				ENABLE_STRICT_OBJC_MSGSEND = YES;
				ENABLE_TESTABILITY = YES;
				GCC_C_LANGUAGE_STANDARD = gnu11;
				GCC_DYNAMIC_NO_PIC = NO;
				GCC_NO_COMMON_BLOCKS = YES;
				GCC_OPTIMIZATION_LEVEL = 0;
				GCC_PREPROCESSOR_DEFINITIONS = (
					"DEBUG=1",
					"$(inherited)",
				);
				GCC_WARN_64_TO_32_BIT_CONVERSION = YES;
				GCC_WARN_ABOUT_RETURN_TYPE = YES_ERROR;
				GCC_WARN_UNDECLARED_SELECTOR = YES;
				GCC_WARN_UNINITIALIZED_AUTOS = YES_AGGRESSIVE;
				GCC_WARN_UNUSED_FUNCTION = YES;
				GCC_WARN_UNUSED_VARIABLE = YES;
				IPHONEOS_DEPLOYMENT_TARGET = 16.2;
				MTL_ENABLE_DEBUG_INFO = INCLUDE_SOURCE;
				MTL_FAST_MATH = YES;
				ONLY_ACTIVE_ARCH = YES;
				SDKROOT = iphoneos;
				SWIFT_ACTIVE_COMPILATION_CONDITIONS = DEBUG;
				SWIFT_OPTIMIZATION_LEVEL = "-Onone";
			};
			name = Debug;
		};
		76264D6629F5BA0E0003A414 /* Release */ = {
			isa = XCBuildConfiguration;
			buildSettings = {
				ALWAYS_SEARCH_USER_PATHS = NO;
				CLANG_ANALYZER_NONNULL = YES;
				CLANG_ANALYZER_NUMBER_OBJECT_CONVERSION = YES_AGGRESSIVE;
				CLANG_CXX_LANGUAGE_STANDARD = "gnu++20";
				CLANG_ENABLE_MODULES = YES;
				CLANG_ENABLE_OBJC_ARC = YES;
				CLANG_ENABLE_OBJC_WEAK = YES;
				CLANG_WARN_BLOCK_CAPTURE_AUTORELEASING = YES;
				CLANG_WARN_BOOL_CONVERSION = YES;
				CLANG_WARN_COMMA = YES;
				CLANG_WARN_CONSTANT_CONVERSION = YES;
				CLANG_WARN_DEPRECATED_OBJC_IMPLEMENTATIONS = YES;
				CLANG_WARN_DIRECT_OBJC_ISA_USAGE = YES_ERROR;
				CLANG_WARN_DOCUMENTATION_COMMENTS = YES;
				CLANG_WARN_EMPTY_BODY = YES;
				CLANG_WARN_ENUM_CONVERSION = YES;
				CLANG_WARN_INFINITE_RECURSION = YES;
				CLANG_WARN_INT_CONVERSION = YES;
				CLANG_WARN_NON_LITERAL_NULL_CONVERSION = YES;
				CLANG_WARN_OBJC_IMPLICIT_RETAIN_SELF = YES;
				CLANG_WARN_OBJC_LITERAL_CONVERSION = YES;
				CLANG_WARN_OBJC_ROOT_CLASS = YES_ERROR;
				CLANG_WARN_QUOTED_INCLUDE_IN_FRAMEWORK_HEADER = YES;
				CLANG_WARN_RANGE_LOOP_ANALYSIS = YES;
				CLANG_WARN_STRICT_PROTOTYPES = YES;
				CLANG_WARN_SUSPICIOUS_MOVE = YES;
				CLANG_WARN_UNGUARDED_AVAILABILITY = YES_AGGRESSIVE;
				CLANG_WARN_UNREACHABLE_CODE = YES;
				CLANG_WARN__DUPLICATE_METHOD_MATCH = YES;
				COPY_PHASE_STRIP = NO;
				DEBUG_INFORMATION_FORMAT = "dwarf-with-dsym";
				ENABLE_NS_ASSERTIONS = NO;
				ENABLE_STRICT_OBJC_MSGSEND = YES;
				GCC_C_LANGUAGE_STANDARD = gnu11;
				GCC_NO_COMMON_BLOCKS = YES;
				GCC_WARN_64_TO_32_BIT_CONVERSION = YES;
				GCC_WARN_ABOUT_RETURN_TYPE = YES_ERROR;
				GCC_WARN_UNDECLARED_SELECTOR = YES;
				GCC_WARN_UNINITIALIZED_AUTOS = YES_AGGRESSIVE;
				GCC_WARN_UNUSED_FUNCTION = YES;
				GCC_WARN_UNUSED_VARIABLE = YES;
				IPHONEOS_DEPLOYMENT_TARGET = 16.2;
				MTL_ENABLE_DEBUG_INFO = NO;
				MTL_FAST_MATH = YES;
				SDKROOT = iphoneos;
				SWIFT_COMPILATION_MODE = wholemodule;
				SWIFT_OPTIMIZATION_LEVEL = "-O";
				VALIDATE_PRODUCT = YES;
			};
			name = Release;
		};
		76264D6829F5BA0E0003A414 /* Debug */ = {
			isa = XCBuildConfiguration;
			buildSettings = {
				ASSETCATALOG_COMPILER_APPICON_NAME = AppIcon;
				ASSETCATALOG_COMPILER_GLOBAL_ACCENT_COLOR_NAME = AccentColor;
				CODE_SIGN_STYLE = Automatic;
				CURRENT_PROJECT_VERSION = 1;
				DEVELOPMENT_TEAM = 9JFFP5P2NK;
				GENERATE_INFOPLIST_FILE = YES;
				INFOPLIST_FILE = "Magic 8 Ball - SM7/Info.plist";
				INFOPLIST_KEY_UIApplicationSupportsIndirectInputEvents = YES;
				INFOPLIST_KEY_UILaunchStoryboardName = LaunchScreen;
				INFOPLIST_KEY_UIMainStoryboardFile = Main;
				INFOPLIST_KEY_UISupportedInterfaceOrientations_iPad = "UIInterfaceOrientationPortrait UIInterfaceOrientationPortraitUpsideDown UIInterfaceOrientationLandscapeLeft UIInterfaceOrientationLandscapeRight";
				INFOPLIST_KEY_UISupportedInterfaceOrientations_iPhone = "UIInterfaceOrientationPortrait UIInterfaceOrientationLandscapeLeft UIInterfaceOrientationLandscapeRight";
				LD_RUNPATH_SEARCH_PATHS = (
					"$(inherited)",
					"@executable_path/Frameworks",
				);
				MARKETING_VERSION = 1.0;
				PRODUCT_BUNDLE_IDENTIFIER = "com.mayrbek.Magic-8-Ball---SM7";
				PRODUCT_NAME = "$(TARGET_NAME)";
				SWIFT_EMIT_LOC_STRINGS = YES;
				SWIFT_VERSION = 5.0;
				TARGETED_DEVICE_FAMILY = "1,2";
			};
			name = Debug;
		};
		76264D6929F5BA0E0003A414 /* Release */ = {
			isa = XCBuildConfiguration;
			buildSettings = {
				ASSETCATALOG_COMPILER_APPICON_NAME = AppIcon;
				ASSETCATALOG_COMPILER_GLOBAL_ACCENT_COLOR_NAME = AccentColor;
				CODE_SIGN_STYLE = Automatic;
				CURRENT_PROJECT_VERSION = 1;
				DEVELOPMENT_TEAM = 9JFFP5P2NK;
				GENERATE_INFOPLIST_FILE = YES;
				INFOPLIST_FILE = "Magic 8 Ball - SM7/Info.plist";
				INFOPLIST_KEY_UIApplicationSupportsIndirectInputEvents = YES;
				INFOPLIST_KEY_UILaunchStoryboardName = LaunchScreen;
				INFOPLIST_KEY_UIMainStoryboardFile = Main;
				INFOPLIST_KEY_UISupportedInterfaceOrientations_iPad = "UIInterfaceOrientationPortrait UIInterfaceOrientationPortraitUpsideDown UIInterfaceOrientationLandscapeLeft UIInterfaceOrientationLandscapeRight";
				INFOPLIST_KEY_UISupportedInterfaceOrientations_iPhone = "UIInterfaceOrientationPortrait UIInterfaceOrientationLandscapeLeft UIInterfaceOrientationLandscapeRight";
				LD_RUNPATH_SEARCH_PATHS = (
					"$(inherited)",
					"@executable_path/Frameworks",
				);
				MARKETING_VERSION = 1.0;
				PRODUCT_BUNDLE_IDENTIFIER = "com.mayrbek.Magic-8-Ball---SM7";
				PRODUCT_NAME = "$(TARGET_NAME)";
				SWIFT_EMIT_LOC_STRINGS = YES;
				SWIFT_VERSION = 5.0;
				TARGETED_DEVICE_FAMILY = "1,2";
			};
			name = Release;
		};
		76264D6B29F5BA0E0003A414 /* Debug */ = {
			isa = XCBuildConfiguration;
			buildSettings = {
				ALWAYS_EMBED_SWIFT_STANDARD_LIBRARIES = YES;
				BUNDLE_LOADER = "$(TEST_HOST)";
				CODE_SIGN_STYLE = Automatic;
				CURRENT_PROJECT_VERSION = 1;
				DEVELOPMENT_TEAM = 9JFFP5P2NK;
				GENERATE_INFOPLIST_FILE = YES;
				IPHONEOS_DEPLOYMENT_TARGET = 16.2;
				MARKETING_VERSION = 1.0;
				PRODUCT_BUNDLE_IDENTIFIER = "com.mayrbek.Magic-8-Ball---SM7Tests";
				PRODUCT_NAME = "$(TARGET_NAME)";
				SWIFT_EMIT_LOC_STRINGS = NO;
				SWIFT_VERSION = 5.0;
				TARGETED_DEVICE_FAMILY = "1,2";
				TEST_HOST = "$(BUILT_PRODUCTS_DIR)/Magic 8 Ball - SM7.app/$(BUNDLE_EXECUTABLE_FOLDER_PATH)/Magic 8 Ball - SM7";
			};
			name = Debug;
		};
		76264D6C29F5BA0E0003A414 /* Release */ = {
			isa = XCBuildConfiguration;
			buildSettings = {
				ALWAYS_EMBED_SWIFT_STANDARD_LIBRARIES = YES;
				BUNDLE_LOADER = "$(TEST_HOST)";
				CODE_SIGN_STYLE = Automatic;
				CURRENT_PROJECT_VERSION = 1;
				DEVELOPMENT_TEAM = 9JFFP5P2NK;
				GENERATE_INFOPLIST_FILE = YES;
				IPHONEOS_DEPLOYMENT_TARGET = 16.2;
				MARKETING_VERSION = 1.0;
				PRODUCT_BUNDLE_IDENTIFIER = "com.mayrbek.Magic-8-Ball---SM7Tests";
				PRODUCT_NAME = "$(TARGET_NAME)";
				SWIFT_EMIT_LOC_STRINGS = NO;
				SWIFT_VERSION = 5.0;
				TARGETED_DEVICE_FAMILY = "1,2";
				TEST_HOST = "$(BUILT_PRODUCTS_DIR)/Magic 8 Ball - SM7.app/$(BUNDLE_EXECUTABLE_FOLDER_PATH)/Magic 8 Ball - SM7";
			};
			name = Release;
		};
		76264D6E29F5BA0E0003A414 /* Debug */ = {
			isa = XCBuildConfiguration;
			buildSettings = {
				ALWAYS_EMBED_SWIFT_STANDARD_LIBRARIES = YES;
				CODE_SIGN_STYLE = Automatic;
				CURRENT_PROJECT_VERSION = 1;
				DEVELOPMENT_TEAM = 9JFFP5P2NK;
				GENERATE_INFOPLIST_FILE = YES;
				MARKETING_VERSION = 1.0;
				PRODUCT_BUNDLE_IDENTIFIER = "com.mayrbek.Magic-8-Ball---SM7UITests";
				PRODUCT_NAME = "$(TARGET_NAME)";
				SWIFT_EMIT_LOC_STRINGS = NO;
				SWIFT_VERSION = 5.0;
				TARGETED_DEVICE_FAMILY = "1,2";
				TEST_TARGET_NAME = "Magic 8 Ball - SM7";
			};
			name = Debug;
		};
		76264D6F29F5BA0E0003A414 /* Release */ = {
			isa = XCBuildConfiguration;
			buildSettings = {
				ALWAYS_EMBED_SWIFT_STANDARD_LIBRARIES = YES;
				CODE_SIGN_STYLE = Automatic;
				CURRENT_PROJECT_VERSION = 1;
				DEVELOPMENT_TEAM = 9JFFP5P2NK;
				GENERATE_INFOPLIST_FILE = YES;
				MARKETING_VERSION = 1.0;
				PRODUCT_BUNDLE_IDENTIFIER = "com.mayrbek.Magic-8-Ball---SM7UITests";
				PRODUCT_NAME = "$(TARGET_NAME)";
				SWIFT_EMIT_LOC_STRINGS = NO;
				SWIFT_VERSION = 5.0;
				TARGETED_DEVICE_FAMILY = "1,2";
				TEST_TARGET_NAME = "Magic 8 Ball - SM7";
			};
			name = Release;
		};
/* End XCBuildConfiguration section */

/* Begin XCConfigurationList section */
		76264D3829F5BA0B0003A414 /* Build configuration list for PBXProject "Magic 8 Ball - SM7" */ = {
			isa = XCConfigurationList;
			buildConfigurations = (
				76264D6529F5BA0E0003A414 /* Debug */,
				76264D6629F5BA0E0003A414 /* Release */,
			);
			defaultConfigurationIsVisible = 0;
			defaultConfigurationName = Release;
		};
		76264D6729F5BA0E0003A414 /* Build configuration list for PBXNativeTarget "Magic 8 Ball - SM7" */ = {
			isa = XCConfigurationList;
			buildConfigurations = (
				76264D6829F5BA0E0003A414 /* Debug */,
				76264D6929F5BA0E0003A414 /* Release */,
			);
			defaultConfigurationIsVisible = 0;
			defaultConfigurationName = Release;
		};
		76264D6A29F5BA0E0003A414 /* Build configuration list for PBXNativeTarget "Magic 8 Ball - SM7Tests" */ = {
			isa = XCConfigurationList;
			buildConfigurations = (
				76264D6B29F5BA0E0003A414 /* Debug */,
				76264D6C29F5BA0E0003A414 /* Release */,
			);
			defaultConfigurationIsVisible = 0;
			defaultConfigurationName = Release;
		};
		76264D6D29F5BA0E0003A414 /* Build configuration list for PBXNativeTarget "Magic 8 Ball - SM7UITests" */ = {
			isa = XCConfigurationList;
			buildConfigurations = (
				76264D6E29F5BA0E0003A414 /* Debug */,
				76264D6F29F5BA0E0003A414 /* Release */,
			);
			defaultConfigurationIsVisible = 0;
			defaultConfigurationName = Release;
		};
/* End XCConfigurationList section */
	};
	rootObject = 76264D3529F5BA0B0003A414 /* Project object */;
}
